
Microsoft Visual Studio Solution File, Format Version 12.00
# Visual Studio Version 17
VisualStudioVersion = 17.7.34202.233
MinimumVisualStudioVersion = 10.0.40219.1
Project("{FAE04EC0-301F-11D3-BF4B-00C04F79EFBC}") = "2413", "2413\2413.csproj", "{63AF735F-3924-48F3-86C4-8C7B9DC56D18}"
EndProject
Global
	GlobalSection(SolutionConfigurationPlatforms) = preSolution
		Debug|Any CPU = Debug|Any CPU
		Release|Any CPU = Release|Any CPU
	EndGlobalSection
	GlobalSection(ProjectConfigurationPlatforms) = postSolution
		{63AF735F-3924-48F3-86C4-8C7B9DC56D18}.Debug|Any CPU.ActiveCfg = Debug|Any CPU
		{63AF735F-3924-48F3-86C4-8C7B9DC56D18}.Debug|Any CPU.Build.0 = Debug|Any CPU
		{63AF735F-3924-48F3-86C4-8C7B9DC56D18}.Release|Any CPU.ActiveCfg = Release|Any CPU
		{63AF735F-3924-48F3-86C4-8C7B9DC56D18}.Release|Any CPU.Build.0 = Release|Any CPU
	EndGlobalSection
	GlobalSection(SolutionProperties) = preSolution
		HideSolutionNode = FALSE
	EndGlobalSection
	GlobalSection(ExtensibilityGlobals) = postSolution
		SolutionGuid = {4E9B5E27-46DB-4054-9840-84011DEAF2E6}
	EndGlobalSection
EndGlobal
